
Microsoft Visual Studio Solution File, Format Version 12.00
# Visual Studio Version 17
VisualStudioVersion = 17.3.32929.385
MinimumVisualStudioVersion = 10.0.40219.1
Project("{FAE04EC0-301F-11D3-BF4B-00C04F79EFBC}") = "Exercício 17", "Exercício 17\Exercício 17.csproj", "{C1FD6BEC-DB05-4D42-B68B-4E7B7F6D0750}"
EndProject
Global
	GlobalSection(SolutionConfigurationPlatforms) = preSolution
		Debug|Any CPU = Debug|Any CPU
		Release|Any CPU = Release|Any CPU
	EndGlobalSection
	GlobalSection(ProjectConfigurationPlatforms) = postSolution
		{C1FD6BEC-DB05-4D42-B68B-4E7B7F6D0750}.Debug|Any CPU.ActiveCfg = Debug|Any CPU
		{C1FD6BEC-DB05-4D42-B68B-4E7B7F6D0750}.Debug|Any CPU.Build.0 = Debug|Any CPU
		{C1FD6BEC-DB05-4D42-B68B-4E7B7F6D0750}.Release|Any CPU.ActiveCfg = Release|Any CPU
		{C1FD6BEC-DB05-4D42-B68B-4E7B7F6D0750}.Release|Any CPU.Build.0 = Release|Any CPU
	EndGlobalSection
	GlobalSection(SolutionProperties) = preSolution
		HideSolutionNode = FALSE
	EndGlobalSection
	GlobalSection(ExtensibilityGlobals) = postSolution
		SolutionGuid = {79F8F59E-62F2-4110-854D-9CC981699F6A}
	EndGlobalSection
EndGlobal
