
Microsoft Visual Studio Solution File, Format Version 12.00
# Visual Studio Version 17
VisualStudioVersion = 17.3.32929.385
MinimumVisualStudioVersion = 10.0.40219.1
Project("{FAE04EC0-301F-11D3-BF4B-00C04F79EFBC}") = "Exercício 18", "Exercício 18\Exercício 18.csproj", "{50B00374-9EB2-437F-A39B-014A8B4F71BF}"
EndProject
Global
	GlobalSection(SolutionConfigurationPlatforms) = preSolution
		Debug|Any CPU = Debug|Any CPU
		Release|Any CPU = Release|Any CPU
	EndGlobalSection
	GlobalSection(ProjectConfigurationPlatforms) = postSolution
		{50B00374-9EB2-437F-A39B-014A8B4F71BF}.Debug|Any CPU.ActiveCfg = Debug|Any CPU
		{50B00374-9EB2-437F-A39B-014A8B4F71BF}.Debug|Any CPU.Build.0 = Debug|Any CPU
		{50B00374-9EB2-437F-A39B-014A8B4F71BF}.Release|Any CPU.ActiveCfg = Release|Any CPU
		{50B00374-9EB2-437F-A39B-014A8B4F71BF}.Release|Any CPU.Build.0 = Release|Any CPU
	EndGlobalSection
	GlobalSection(SolutionProperties) = preSolution
		HideSolutionNode = FALSE
	EndGlobalSection
	GlobalSection(ExtensibilityGlobals) = postSolution
		SolutionGuid = {3586FD6B-C1CA-438C-BA71-D2E74D50F45A}
	EndGlobalSection
EndGlobal
